
Microsoft Visual Studio Solution File, Format Version 12.00
# Visual Studio 15
VisualStudioVersion = 15.0.28010.2050
MinimumVisualStudioVersion = 10.0.40219.1
Project("{FAE04EC0-301F-11D3-BF4B-00C04F79EFBC}") = "Hanoi", "Hanoi\Hanoi.csproj", "{005DFF8E-1285-4CB1-B196-2CE36B3600F8}"
EndProject
Global
	GlobalSection(SolutionConfigurationPlatforms) = preSolution
		Debug|Any CPU = Debug|Any CPU
		Release|Any CPU = Release|Any CPU
	EndGlobalSection
	GlobalSection(ProjectConfigurationPlatforms) = postSolution
		{005DFF8E-1285-4CB1-B196-2CE36B3600F8}.Debug|Any CPU.ActiveCfg = Debug|Any CPU
		{005DFF8E-1285-4CB1-B196-2CE36B3600F8}.Debug|Any CPU.Build.0 = Debug|Any CPU
		{005DFF8E-1285-4CB1-B196-2CE36B3600F8}.Release|Any CPU.ActiveCfg = Release|Any CPU
		{005DFF8E-1285-4CB1-B196-2CE36B3600F8}.Release|Any CPU.Build.0 = Release|Any CPU
	EndGlobalSection
	GlobalSection(SolutionProperties) = preSolution
		HideSolutionNode = FALSE
	EndGlobalSection
	GlobalSection(ExtensibilityGlobals) = postSolution
		SolutionGuid = {BE002D59-9127-49C2-8DE0-7DCBB362B7D2}
	EndGlobalSection
EndGlobal
